
Microsoft Visual Studio Solution File, Format Version 12.00
# Visual Studio 15
VisualStudioVersion = 15.0.28307.421
MinimumVisualStudioVersion = 10.0.40219.1
Project("{FAE04EC0-301F-11D3-BF4B-00C04F79EFBC}") = "TaxiService", "TaxiService\TaxiService.csproj", "{2D323A86-A390-46EC-A7BC-E01AE95F823A}"
EndProject
Project("{FAE04EC0-301F-11D3-BF4B-00C04F79EFBC}") = "TaxiServiceTests", "TaxiServiceTests\TaxiServiceTests.csproj", "{EF71330F-E461-42E6-BEF6-0AA04D52AB93}"
EndProject
Global
	GlobalSection(SolutionConfigurationPlatforms) = preSolution
		Debug|Any CPU = Debug|Any CPU
		Release|Any CPU = Release|Any CPU
	EndGlobalSection
	GlobalSection(ProjectConfigurationPlatforms) = postSolution
		{2D323A86-A390-46EC-A7BC-E01AE95F823A}.Debug|Any CPU.ActiveCfg = Debug|Any CPU
		{2D323A86-A390-46EC-A7BC-E01AE95F823A}.Debug|Any CPU.Build.0 = Debug|Any CPU
		{2D323A86-A390-46EC-A7BC-E01AE95F823A}.Release|Any CPU.ActiveCfg = Release|Any CPU
		{2D323A86-A390-46EC-A7BC-E01AE95F823A}.Release|Any CPU.Build.0 = Release|Any CPU
		{EF71330F-E461-42E6-BEF6-0AA04D52AB93}.Debug|Any CPU.ActiveCfg = Debug|Any CPU
		{EF71330F-E461-42E6-BEF6-0AA04D52AB93}.Debug|Any CPU.Build.0 = Debug|Any CPU
		{EF71330F-E461-42E6-BEF6-0AA04D52AB93}.Release|Any CPU.ActiveCfg = Release|Any CPU
		{EF71330F-E461-42E6-BEF6-0AA04D52AB93}.Release|Any CPU.Build.0 = Release|Any CPU
	EndGlobalSection
	GlobalSection(SolutionProperties) = preSolution
		HideSolutionNode = FALSE
	EndGlobalSection
	GlobalSection(ExtensibilityGlobals) = postSolution
		SolutionGuid = {7F4C5DAE-35C1-4601-985B-C2431EA38AE0}
	EndGlobalSection
EndGlobal
